// !$*UTF8*$!
{
	archiveVersion = 1;
	classes = {
	};
	objectVersion = 46;
	objects = {

/* Begin PBXBuildFile section */
		462C10861993E21600A36CF8 /* main.m in Sources */ = {isa = PBXBuildFile; fileRef = 462C10851993E21600A36CF8 /* main.m */; };
		462C10891993E21600A36CF8 /* AppDelegate.m in Sources */ = {isa = PBXBuildFile; fileRef = 462C10881993E21600A36CF8 /* AppDelegate.m */; };
		462C108C1993E21600A36CF8 /* ViewController.m in Sources */ = {isa = PBXBuildFile; fileRef = 462C108B1993E21600A36CF8 /* ViewController.m */; };
		462C108F1993E21600A36CF8 /* Main.storyboard in Resources */ = {isa = PBXBuildFile; fileRef = 462C108D1993E21600A36CF8 /* Main.storyboard */; };
		462C10911993E21600A36CF8 /* Images.xcassets in Resources */ = {isa = PBXBuildFile; fileRef = 462C10901993E21600A36CF8 /* Images.xcassets */; };
		462C109D1993E21600A36CF8 /* SurfboardTests.m in Sources */ = {isa = PBXBuildFile; fileRef = 462C109C1993E21600A36CF8 /* SurfboardTests.m */; };
		46EFD6CB199B6CBE00467EC4 /* SRFSurfboardPanelCell.m in Sources */ = {isa = PBXBuildFile; fileRef = 46EFD6C0199B6CBE00467EC4 /* SRFSurfboardPanelCell.m */; };
		46EFD6CC199B6CBE00467EC4 /* SRFSurfboardPanelCell.xib in Resources */ = {isa = PBXBuildFile; fileRef = 46EFD6C1199B6CBE00467EC4 /* SRFSurfboardPanelCell.xib */; };
		46EFD6CD199B6CBE00467EC4 /* SRFSurfboardPanel.m in Sources */ = {isa = PBXBuildFile; fileRef = 46EFD6C4199B6CBE00467EC4 /* SRFSurfboardPanel.m */; };
		46EFD6CE199B6CBE00467EC4 /* panels.json in Resources */ = {isa = PBXBuildFile; fileRef = 46EFD6C6199B6CBE00467EC4 /* panels.json */; };
		46EFD6CF199B6CBE00467EC4 /* SRFSurfboardViewController.m in Sources */ = {isa = PBXBuildFile; fileRef = 46EFD6C9199B6CBE00467EC4 /* SRFSurfboardViewController.m */; };
		46EFD6D0199B6CBE00467EC4 /* Surfboard.xcassets in Resources */ = {isa = PBXBuildFile; fileRef = 46EFD6CA199B6CBE00467EC4 /* Surfboard.xcassets */; };
/* End PBXBuildFile section */

/* Begin PBXContainerItemProxy section */
		462C10971993E21600A36CF8 /* PBXContainerItemProxy */ = {
			isa = PBXContainerItemProxy;
			containerPortal = 462C10781993E21600A36CF8 /* Project object */;
			proxyType = 1;
			remoteGlobalIDString = 462C107F1993E21600A36CF8;
			remoteInfo = Surfboard;
		};
/* End PBXContainerItemProxy section */

/* Begin PBXFileReference section */
		462C10801993E21600A36CF8 /* Surfboard.app */ = {isa = PBXFileReference; explicitFileType = wrapper.application; includeInIndex = 0; path = Surfboard.app; sourceTree = BUILT_PRODUCTS_DIR; };
		462C10841993E21600A36CF8 /* Info.plist */ = {isa = PBXFileReference; lastKnownFileType = text.plist.xml; path = Info.plist; sourceTree = "<group>"; };
		462C10851993E21600A36CF8 /* main.m */ = {isa = PBXFileReference; lastKnownFileType = sourcecode.c.objc; path = main.m; sourceTree = "<group>"; };
		462C10871993E21600A36CF8 /* AppDelegate.h */ = {isa = PBXFileReference; lastKnownFileType = sourcecode.c.h; path = AppDelegate.h; sourceTree = "<group>"; };
		462C10881993E21600A36CF8 /* AppDelegate.m */ = {isa = PBXFileReference; lastKnownFileType = sourcecode.c.objc; path = AppDelegate.m; sourceTree = "<group>"; };
		462C108A1993E21600A36CF8 /* ViewController.h */ = {isa = PBXFileReference; lastKnownFileType = sourcecode.c.h; path = ViewController.h; sourceTree = "<group>"; };
		462C108B1993E21600A36CF8 /* ViewController.m */ = {isa = PBXFileReference; lastKnownFileType = sourcecode.c.objc; path = ViewController.m; sourceTree = "<group>"; };
		462C108E1993E21600A36CF8 /* Base */ = {isa = PBXFileReference; lastKnownFileType = file.storyboard; name = Base; path = Base.lproj/Main.storyboard; sourceTree = "<group>"; };
		462C10901993E21600A36CF8 /* Images.xcassets */ = {isa = PBXFileReference; lastKnownFileType = folder.assetcatalog; path = Images.xcassets; sourceTree = "<group>"; };
		462C10961993E21600A36CF8 /* SurfboardTests.xctest */ = {isa = PBXFileReference; explicitFileType = wrapper.cfbundle; includeInIndex = 0; path = SurfboardTests.xctest; sourceTree = BUILT_PRODUCTS_DIR; };
		462C109B1993E21600A36CF8 /* Info.plist */ = {isa = PBXFileReference; lastKnownFileType = text.plist.xml; path = Info.plist; sourceTree = "<group>"; };
		462C109C1993E21600A36CF8 /* SurfboardTests.m */ = {isa = PBXFileReference; lastKnownFileType = sourcecode.c.objc; path = SurfboardTests.m; sourceTree = "<group>"; };
		46EFD6BF199B6CBE00467EC4 /* SRFSurfboardPanelCell.h */ = {isa = PBXFileReference; fileEncoding = 4; lastKnownFileType = sourcecode.c.h; path = SRFSurfboardPanelCell.h; sourceTree = "<group>"; };
		46EFD6C0199B6CBE00467EC4 /* SRFSurfboardPanelCell.m */ = {isa = PBXFileReference; fileEncoding = 4; lastKnownFileType = sourcecode.c.objc; path = SRFSurfboardPanelCell.m; sourceTree = "<group>"; };
		46EFD6C1199B6CBE00467EC4 /* SRFSurfboardPanelCell.xib */ = {isa = PBXFileReference; fileEncoding = 4; lastKnownFileType = file.xib; path = SRFSurfboardPanelCell.xib; sourceTree = "<group>"; };
		46EFD6C3199B6CBE00467EC4 /* SRFSurfboardPanel.h */ = {isa = PBXFileReference; fileEncoding = 4; lastKnownFileType = sourcecode.c.h; path = SRFSurfboardPanel.h; sourceTree = "<group>"; };
		46EFD6C4199B6CBE00467EC4 /* SRFSurfboardPanel.m */ = {isa = PBXFileReference; fileEncoding = 4; lastKnownFileType = sourcecode.c.objc; path = SRFSurfboardPanel.m; sourceTree = "<group>"; };
		46EFD6C6199B6CBE00467EC4 /* panels.json */ = {isa = PBXFileReference; fileEncoding = 4; lastKnownFileType = text.json; path = panels.json; sourceTree = "<group>"; };
		46EFD6C8199B6CBE00467EC4 /* SRFSurfboardViewController.h */ = {isa = PBXFileReference; fileEncoding = 4; lastKnownFileType = sourcecode.c.h; path = SRFSurfboardViewController.h; sourceTree = "<group>"; };
		46EFD6C9199B6CBE00467EC4 /* SRFSurfboardViewController.m */ = {isa = PBXFileReference; fileEncoding = 4; lastKnownFileType = sourcecode.c.objc; path = SRFSurfboardViewController.m; sourceTree = "<group>"; };
		46EFD6CA199B6CBE00467EC4 /* Surfboard.xcassets */ = {isa = PBXFileReference; lastKnownFileType = folder.assetcatalog; path = Surfboard.xcassets; sourceTree = "<group>"; };
		46EFD6D1199B9A0F00467EC4 /* SRFSurfboardDelegate.h */ = {isa = PBXFileReference; fileEncoding = 4; lastKnownFileType = sourcecode.c.h; name = SRFSurfboardDelegate.h; path = "Surfboard Delegate Protocol/SRFSurfboardDelegate.h"; sourceTree = "<group>"; };
/* End PBXFileReference section */

/* Begin PBXFrameworksBuildPhase section */
		462C107D1993E21600A36CF8 /* Frameworks */ = {
			isa = PBXFrameworksBuildPhase;
			buildActionMask = 2147483647;
			files = (
			);
			runOnlyForDeploymentPostprocessing = 0;
		};
		462C10931993E21600A36CF8 /* Frameworks */ = {
			isa = PBXFrameworksBuildPhase;
			buildActionMask = 2147483647;
			files = (
			);
			runOnlyForDeploymentPostprocessing = 0;
		};
/* End PBXFrameworksBuildPhase section */

/* Begin PBXGroup section */
		462C10771993E21600A36CF8 = {
			isa = PBXGroup;
			children = (
				462C10821993E21600A36CF8 /* Surfboard */,
				462C10991993E21600A36CF8 /* SurfboardTests */,
				462C10811993E21600A36CF8 /* Products */,
			);
			sourceTree = "<group>";
		};
		462C10811993E21600A36CF8 /* Products */ = {
			isa = PBXGroup;
			children = (
				462C10801993E21600A36CF8 /* Surfboard.app */,
				462C10961993E21600A36CF8 /* SurfboardTests.xctest */,
			);
			name = Products;
			sourceTree = "<group>";
		};
		462C10821993E21600A36CF8 /* Surfboard */ = {
			isa = PBXGroup;
			children = (
				462C10871993E21600A36CF8 /* AppDelegate.h */,
				462C10881993E21600A36CF8 /* AppDelegate.m */,
				462C108A1993E21600A36CF8 /* ViewController.h */,
				462C108B1993E21600A36CF8 /* ViewController.m */,
				46EFD6BC199B6CBE00467EC4 /* Surfboard */,
				462C108D1993E21600A36CF8 /* Main.storyboard */,
				462C10901993E21600A36CF8 /* Images.xcassets */,
				462C10831993E21600A36CF8 /* Supporting Files */,
			);
			path = Surfboard;
			sourceTree = "<group>";
		};
		462C10831993E21600A36CF8 /* Supporting Files */ = {
			isa = PBXGroup;
			children = (
				462C10841993E21600A36CF8 /* Info.plist */,
				462C10851993E21600A36CF8 /* main.m */,
			);
			name = "Supporting Files";
			sourceTree = "<group>";
		};
		462C10991993E21600A36CF8 /* SurfboardTests */ = {
			isa = PBXGroup;
			children = (
				462C109C1993E21600A36CF8 /* SurfboardTests.m */,
				462C109A1993E21600A36CF8 /* Supporting Files */,
			);
			path = SurfboardTests;
			sourceTree = "<group>";
		};
		462C109A1993E21600A36CF8 /* Supporting Files */ = {
			isa = PBXGroup;
			children = (
				462C109B1993E21600A36CF8 /* Info.plist */,
			);
			name = "Supporting Files";
			sourceTree = "<group>";
		};
		46EFD6BC199B6CBE00467EC4 /* Surfboard */ = {
			isa = PBXGroup;
			children = (
				46EFD6BD199B6CBE00467EC4 /* Panel Cells */,
				46EFD6C2199B6CBE00467EC4 /* Panel Data Model */,
				46EFD6C5199B6CBE00467EC4 /* Sample Data */,
				46EFD6C7199B6CBE00467EC4 /* Surfboard View Controller */,
				46EFD6CA199B6CBE00467EC4 /* Surfboard.xcassets */,
				46EFD6D1199B9A0F00467EC4 /* SRFSurfboardDelegate.h */,
			);
			path = Surfboard;
			sourceTree = "<group>";
		};
		46EFD6BD199B6CBE00467EC4 /* Panel Cells */ = {
			isa = PBXGroup;
			children = (
				46EFD6BE199B6CBE00467EC4 /* Default Cell */,
			);
			path = "Panel Cells";
			sourceTree = "<group>";
		};
		46EFD6BE199B6CBE00467EC4 /* Default Cell */ = {
			isa = PBXGroup;
			children = (
				46EFD6BF199B6CBE00467EC4 /* SRFSurfboardPanelCell.h */,
				46EFD6C0199B6CBE00467EC4 /* SRFSurfboardPanelCell.m */,
				46EFD6C1199B6CBE00467EC4 /* SRFSurfboardPanelCell.xib */,
			);
			path = "Default Cell";
			sourceTree = "<group>";
		};
		46EFD6C2199B6CBE00467EC4 /* Panel Data Model */ = {
			isa = PBXGroup;
			children = (
				46EFD6C3199B6CBE00467EC4 /* SRFSurfboardPanel.h */,
				46EFD6C4199B6CBE00467EC4 /* SRFSurfboardPanel.m */,
			);
			path = "Panel Data Model";
			sourceTree = "<group>";
		};
		46EFD6C5199B6CBE00467EC4 /* Sample Data */ = {
			isa = PBXGroup;
			children = (
				46EFD6C6199B6CBE00467EC4 /* panels.json */,
			);
			path = "Sample Data";
			sourceTree = "<group>";
		};
		46EFD6C7199B6CBE00467EC4 /* Surfboard View Controller */ = {
			isa = PBXGroup;
			children = (
				46EFD6C8199B6CBE00467EC4 /* SRFSurfboardViewController.h */,
				46EFD6C9199B6CBE00467EC4 /* SRFSurfboardViewController.m */,
			);
			path = "Surfboard View Controller";
			sourceTree = "<group>";
		};
/* End PBXGroup section */

/* Begin PBXNativeTarget section */
		462C107F1993E21600A36CF8 /* Surfboard */ = {
			isa = PBXNativeTarget;
			buildConfigurationList = 462C10A01993E21600A36CF8 /* Build configuration list for PBXNativeTarget "Surfboard" */;
			buildPhases = (
				462C107C1993E21600A36CF8 /* Sources */,
				462C107D1993E21600A36CF8 /* Frameworks */,
				462C107E1993E21600A36CF8 /* Resources */,
			);
			buildRules = (
			);
			dependencies = (
			);
			name = Surfboard;
			productName = Surfboard;
			productReference = 462C10801993E21600A36CF8 /* Surfboard.app */;
			productType = "com.apple.product-type.application";
		};
		462C10951993E21600A36CF8 /* SurfboardTests */ = {
			isa = PBXNativeTarget;
			buildConfigurationList = 462C10A31993E21600A36CF8 /* Build configuration list for PBXNativeTarget "SurfboardTests" */;
			buildPhases = (
				462C10921993E21600A36CF8 /* Sources */,
				462C10931993E21600A36CF8 /* Frameworks */,
				462C10941993E21600A36CF8 /* Resources */,
			);
			buildRules = (
			);
			dependencies = (
				462C10981993E21600A36CF8 /* PBXTargetDependency */,
			);
			name = SurfboardTests;
			productName = SurfboardTests;
			productReference = 462C10961993E21600A36CF8 /* SurfboardTests.xctest */;
			productType = "com.apple.product-type.bundle.unit-test";
		};
/* End PBXNativeTarget section */

/* Begin PBXProject section */
		462C10781993E21600A36CF8 /* Project object */ = {
			isa = PBXProject;
			attributes = {
				LastUpgradeCheck = 0600;
				ORGANIZATIONNAME = "Moshe Berman";
				TargetAttributes = {
					462C107F1993E21600A36CF8 = {
						CreatedOnToolsVersion = 6.0;
						DevelopmentTeam = HK64RUWW3P;
					};
					462C10951993E21600A36CF8 = {
						CreatedOnToolsVersion = 6.0;
						TestTargetID = 462C107F1993E21600A36CF8;
					};
				};
			};
			buildConfigurationList = 462C107B1993E21600A36CF8 /* Build configuration list for PBXProject "Surfboard" */;
			compatibilityVersion = "Xcode 3.2";
			developmentRegion = English;
			hasScannedForEncodings = 0;
			knownRegions = (
				en,
				Base,
			);
			mainGroup = 462C10771993E21600A36CF8;
			productRefGroup = 462C10811993E21600A36CF8 /* Products */;
			projectDirPath = "";
			projectRoot = "";
			targets = (
				462C107F1993E21600A36CF8 /* Surfboard */,
				462C10951993E21600A36CF8 /* SurfboardTests */,
			);
		};
/* End PBXProject section */

/* Begin PBXResourcesBuildPhase section */
		462C107E1993E21600A36CF8 /* Resources */ = {
			isa = PBXResourcesBuildPhase;
			buildActionMask = 2147483647;
			files = (
				46EFD6D0199B6CBE00467EC4 /* Surfboard.xcassets in Resources */,
				462C108F1993E21600A36CF8 /* Main.storyboard in Resources */,
				46EFD6CC199B6CBE00467EC4 /* SRFSurfboardPanelCell.xib in Resources */,
				462C10911993E21600A36CF8 /* Images.xcassets in Resources */,
				46EFD6CE199B6CBE00467EC4 /* panels.json in Resources */,
			);
			runOnlyForDeploymentPostprocessing = 0;
		};
		462C10941993E21600A36CF8 /* Resources */ = {
			isa = PBXResourcesBuildPhase;
			buildActionMask = 2147483647;
			files = (
			);
			runOnlyForDeploymentPostprocessing = 0;
		};
/* End PBXResourcesBuildPhase section */

/* Begin PBXSourcesBuildPhase section */
		462C107C1993E21600A36CF8 /* Sources */ = {
			isa = PBXSourcesBuildPhase;
			buildActionMask = 2147483647;
			files = (
				462C108C1993E21600A36CF8 /* ViewController.m in Sources */,
				46EFD6CB199B6CBE00467EC4 /* SRFSurfboardPanelCell.m in Sources */,
				46EFD6CD199B6CBE00467EC4 /* SRFSurfboardPanel.m in Sources */,
				46EFD6CF199B6CBE00467EC4 /* SRFSurfboardViewController.m in Sources */,
				462C10891993E21600A36CF8 /* AppDelegate.m in Sources */,
				462C10861993E21600A36CF8 /* main.m in Sources */,
			);
			runOnlyForDeploymentPostprocessing = 0;
		};
		462C10921993E21600A36CF8 /* Sources */ = {
			isa = PBXSourcesBuildPhase;
			buildActionMask = 2147483647;
			files = (
				462C109D1993E21600A36CF8 /* SurfboardTests.m in Sources */,
			);
			runOnlyForDeploymentPostprocessing = 0;
		};
/* End PBXSourcesBuildPhase section */

/* Begin PBXTargetDependency section */
		462C10981993E21600A36CF8 /* PBXTargetDependency */ = {
			isa = PBXTargetDependency;
			target = 462C107F1993E21600A36CF8 /* Surfboard */;
			targetProxy = 462C10971993E21600A36CF8 /* PBXContainerItemProxy */;
		};
/* End PBXTargetDependency section */

/* Begin PBXVariantGroup section */
		462C108D1993E21600A36CF8 /* Main.storyboard */ = {
			isa = PBXVariantGroup;
			children = (
				462C108E1993E21600A36CF8 /* Base */,
			);
			name = Main.storyboard;
			sourceTree = "<group>";
		};
/* End PBXVariantGroup section */

/* Begin XCBuildConfiguration section */
		462C109E1993E21600A36CF8 /* Debug */ = {
			isa = XCBuildConfiguration;
			buildSettings = {
				ALWAYS_SEARCH_USER_PATHS = NO;
				CLANG_CXX_LANGUAGE_STANDARD = "gnu++0x";
				CLANG_CXX_LIBRARY = "libc++";
				CLANG_ENABLE_MODULES = YES;
				CLANG_ENABLE_OBJC_ARC = YES;
				CLANG_WARN_BOOL_CONVERSION = YES;
				CLANG_WARN_CONSTANT_CONVERSION = YES;
				CLANG_WARN_DIRECT_OBJC_ISA_USAGE = YES_ERROR;
				CLANG_WARN_EMPTY_BODY = YES;
				CLANG_WARN_ENUM_CONVERSION = YES;
				CLANG_WARN_INT_CONVERSION = YES;
				CLANG_WARN_OBJC_ROOT_CLASS = YES_ERROR;
				CLANG_WARN_UNREACHABLE_CODE = YES;
				CLANG_WARN__DUPLICATE_METHOD_MATCH = YES;
				"CODE_SIGN_IDENTITY[sdk=iphoneos*]" = "iPhone Developer";
				COPY_PHASE_STRIP = NO;
				ENABLE_STRICT_OBJC_MSGSEND = YES;
				GCC_C_LANGUAGE_STANDARD = gnu99;
				GCC_DYNAMIC_NO_PIC = NO;
				GCC_OPTIMIZATION_LEVEL = 0;
				GCC_PREPROCESSOR_DEFINITIONS = (
					"DEBUG=1",
					"$(inherited)",
				);
				GCC_SYMBOLS_PRIVATE_EXTERN = NO;
				GCC_WARN_64_TO_32_BIT_CONVERSION = YES;
				GCC_WARN_ABOUT_RETURN_TYPE = YES_ERROR;
				GCC_WARN_UNDECLARED_SELECTOR = YES;
				GCC_WARN_UNINITIALIZED_AUTOS = YES_AGGRESSIVE;
				GCC_WARN_UNUSED_FUNCTION = YES;
				GCC_WARN_UNUSED_VARIABLE = YES;
				IPHONEOS_DEPLOYMENT_TARGET = 8.0;
				MTL_ENABLE_DEBUG_INFO = YES;
				ONLY_ACTIVE_ARCH = YES;
				SDKROOT = iphoneos;
				TARGETED_DEVICE_FAMILY = "1,2";
			};
			name = Debug;
		};
		462C109F1993E21600A36CF8 /* Release */ = {
			isa = XCBuildConfiguration;
			buildSettings = {
				ALWAYS_SEARCH_USER_PATHS = NO;
				CLANG_CXX_LANGUAGE_STANDARD = "gnu++0x";
				CLANG_CXX_LIBRARY = "libc++";
				CLANG_ENABLE_MODULES = YES;
				CLANG_ENABLE_OBJC_ARC = YES;
				CLANG_WARN_BOOL_CONVERSION = YES;
				CLANG_WARN_CONSTANT_CONVERSION = YES;
				CLANG_WARN_DIRECT_OBJC_ISA_USAGE = YES_ERROR;
				CLANG_WARN_EMPTY_BODY = YES;
				CLANG_WARN_ENUM_CONVERSION = YES;
				CLANG_WARN_INT_CONVERSION = YES;
				CLANG_WARN_OBJC_ROOT_CLASS = YES_ERROR;
				CLANG_WARN_UNREACHABLE_CODE = YES;
				CLANG_WARN__DUPLICATE_METHOD_MATCH = YES;
				"CODE_SIGN_IDENTITY[sdk=iphoneos*]" = "iPhone Developer";
				COPY_PHASE_STRIP = YES;
				ENABLE_NS_ASSERTIONS = NO;
				ENABLE_STRICT_OBJC_MSGSEND = YES;
				GCC_C_LANGUAGE_STANDARD = gnu99;
				GCC_WARN_64_TO_32_BIT_CONVERSION = YES;
				GCC_WARN_ABOUT_RETURN_TYPE = YES_ERROR;
				GCC_WARN_UNDECLARED_SELECTOR = YES;
				GCC_WARN_UNINITIALIZED_AUTOS = YES_AGGRESSIVE;
				GCC_WARN_UNUSED_FUNCTION = YES;
				GCC_WARN_UNUSED_VARIABLE = YES;
				IPHONEOS_DEPLOYMENT_TARGET = 8.0;
				MTL_ENABLE_DEBUG_INFO = NO;
				SDKROOT = iphoneos;
				TARGETED_DEVICE_FAMILY = "1,2";
				VALIDATE_PRODUCT = YES;
			};
			name = Release;
		};
		462C10A11993E21600A36CF8 /* Debug */ = {
			isa = XCBuildConfiguration;
			buildSettings = {
				ASSETCATALOG_COMPILER_APPICON_NAME = AppIcon;
				ASSETCATALOG_COMPILER_LAUNCHIMAGE_NAME = LaunchImage;
				CODE_SIGN_IDENTITY = "iPhone Developer";
				"CODE_SIGN_IDENTITY[sdk=iphoneos*]" = "iPhone Developer";
				INFOPLIST_FILE = Surfboard/Info.plist;
				IPHONEOS_DEPLOYMENT_TARGET = 7.0;
				LD_RUNPATH_SEARCH_PATHS = "$(inherited) @executable_path/Frameworks";
				PRODUCT_NAME = "$(TARGET_NAME)";
				PROVISIONING_PROFILE = "";
			};
			name = Debug;
		};
		462C10A21993E21600A36CF8 /* Release */ = {
			isa = XCBuildConfiguration;
			buildSettings = {
				ASSETCATALOG_COMPILER_APPICON_NAME = AppIcon;
				ASSETCATALOG_COMPILER_LAUNCHIMAGE_NAME = LaunchImage;
				CODE_SIGN_IDENTITY = "iPhone Developer";
				"CODE_SIGN_IDENTITY[sdk=iphoneos*]" = "iPhone Developer";
				INFOPLIST_FILE = Surfboard/Info.plist;
				IPHONEOS_DEPLOYMENT_TARGET = 7.0;
				LD_RUNPATH_SEARCH_PATHS = "$(inherited) @executable_path/Frameworks";
				PRODUCT_NAME = "$(TARGET_NAME)";
				PROVISIONING_PROFILE = "";
			};
			name = Release;
		};
		462C10A41993E21600A36CF8 /* Debug */ = {
			isa = XCBuildConfiguration;
			buildSettings = {
				BUNDLE_LOADER = "$(BUILT_PRODUCTS_DIR)/Surfboard.app/Surfboard";
				FRAMEWORK_SEARCH_PATHS = (
					"$(SDKROOT)/Developer/Library/Frameworks",
					"$(inherited)",
				);
				GCC_PREPROCESSOR_DEFINITIONS = (
					"DEBUG=1",
					"$(inherited)",
				);
				INFOPLIST_FILE = SurfboardTests/Info.plist;
				LD_RUNPATH_SEARCH_PATHS = "$(inherited) @executable_path/Frameworks @loader_path/Frameworks";
				PRODUCT_NAME = "$(TARGET_NAME)";
				TEST_HOST = "$(BUNDLE_LOADER)";
			};
			name = Debug;
		};
		462C10A51993E21600A36CF8 /* Release */ = {
			isa = XCBuildConfiguration;
			buildSettings = {
				BUNDLE_LOADER = "$(BUILT_PRODUCTS_DIR)/Surfboard.app/Surfboard";
				FRAMEWORK_SEARCH_PATHS = (
					"$(SDKROOT)/Developer/Library/Frameworks",
					"$(inherited)",
				);
				INFOPLIST_FILE = SurfboardTests/Info.plist;
				LD_RUNPATH_SEARCH_PATHS = "$(inherited) @executable_path/Frameworks @loader_path/Frameworks";
				PRODUCT_NAME = "$(TARGET_NAME)";
				TEST_HOST = "$(BUNDLE_LOADER)";
			};
			name = Release;
		};
/* End XCBuildConfiguration section */

/* Begin XCConfigurationList section */
		462C107B1993E21600A36CF8 /* Build configuration list for PBXProject "Surfboard" */ = {
			isa = XCConfigurationList;
			buildConfigurations = (
				462C109E1993E21600A36CF8 /* Debug */,
				462C109F1993E21600A36CF8 /* Release */,
			);
			defaultConfigurationIsVisible = 0;
			defaultConfigurationName = Release;
		};
		462C10A01993E21600A36CF8 /* Build configuration list for PBXNativeTarget "Surfboard" */ = {
			isa = XCConfigurationList;
			buildConfigurations = (
				462C10A11993E21600A36CF8 /* Debug */,
				462C10A21993E21600A36CF8 /* Release */,
			);
			defaultConfigurationIsVisible = 0;
			defaultConfigurationName = Release;
		};
		462C10A31993E21600A36CF8 /* Build configuration list for PBXNativeTarget "SurfboardTests" */ = {
			isa = XCConfigurationList;
			buildConfigurations = (
				462C10A41993E21600A36CF8 /* Debug */,
				462C10A51993E21600A36CF8 /* Release */,
			);
			defaultConfigurationIsVisible = 0;
			defaultConfigurationName = Release;
		};
/* End XCConfigurationList section */
	};
	rootObject = 462C10781993E21600A36CF8 /* Project object */;
}
