// !$*UTF8*$!
{
	archiveVersion = 1;
	classes = {
	};
	objectVersion = 46;
	objects = {

/* Begin PBXBuildFile section */
		462C10861993E21600A36CF8 /* main.m in Sources */ = {isa = PBXBuildFile; fileRef = 462C10851993E21600A36CF8 /* main.m */; };
		462C10891993E21600A36CF8 /* AppDelegate.m in Sources */ = {isa = PBXBuildFile; fileRef = 462C10881993E21600A36CF8 /* AppDelegate.m */; };
		462C108C1993E21600A36CF8 /* ViewController.m in Sources */ = {isa = PBXBuildFile; fileRef = 462C108B1993E21600A36CF8 /* ViewController.m */; };
		462C108F1993E21600A36CF8 /* Main.storyboard in Resources */ = {isa = PBXBuildFile; fileRef = 462C108D1993E21600A36CF8 /* Main.storyboard */; };
		462C10911993E21600A36CF8 /* Images.xcassets in Resources */ = {isa = PBXBuildFile; fileRef = 462C10901993E21600A36CF8 /* Images.xcassets */; };
		4635679619A7C5A000262061 /* panels.json in Resources */ = {isa = PBXBuildFile; fileRef = 4635679419A7C5A000262061 /* panels.json */; };
		4635679719A7C5A000262061 /* Surfboard.xcassets in Resources */ = {isa = PBXBuildFile; fileRef = 4635679519A7C5A000262061 /* Surfboard.xcassets */; };
		463567AA19A7C65800262061 /* UIButton+IndexPath.m in Sources */ = {isa = PBXBuildFile; fileRef = 4635679C19A7C65800262061 /* UIButton+IndexPath.m */; };
		463567AB19A7C65800262061 /* SRFSurfboardPanelCell.m in Sources */ = {isa = PBXBuildFile; fileRef = 4635679F19A7C65800262061 /* SRFSurfboardPanelCell.m */; };
		463567AC19A7C65800262061 /* SRFSurfboardPanelCell.xib in Resources */ = {isa = PBXBuildFile; fileRef = 463567A019A7C65800262061 /* SRFSurfboardPanelCell.xib */; };
		463567AD19A7C65800262061 /* SRFSurfboardPanel.m in Sources */ = {isa = PBXBuildFile; fileRef = 463567A319A7C65800262061 /* SRFSurfboardPanel.m */; };
		463567AE19A7C65800262061 /* SRFSurfboardViewController.m in Sources */ = {isa = PBXBuildFile; fileRef = 463567A919A7C65800262061 /* SRFSurfboardViewController.m */; };
		DCE947301A2FF623008104C6 /* SRFSurfboardSubtitlePanelCell.m in Sources */ = {isa = PBXBuildFile; fileRef = DCE9472F1A2FF623008104C6 /* SRFSurfboardSubtitlePanelCell.m */; };
		DCE947321A2FF691008104C6 /* SRFSurfboardSubtitlePanelCell.xib in Resources */ = {isa = PBXBuildFile; fileRef = DCE947311A2FF691008104C6 /* SRFSurfboardSubtitlePanelCell.xib */; };
/* End PBXBuildFile section */

/* Begin PBXFileReference section */
		462C10801993E21600A36CF8 /* Surfboard.app */ = {isa = PBXFileReference; explicitFileType = wrapper.application; includeInIndex = 0; path = Surfboard.app; sourceTree = BUILT_PRODUCTS_DIR; };
		462C10841993E21600A36CF8 /* Info.plist */ = {isa = PBXFileReference; lastKnownFileType = text.plist.xml; path = Info.plist; sourceTree = "<group>"; };
		462C10851993E21600A36CF8 /* main.m */ = {isa = PBXFileReference; lastKnownFileType = sourcecode.c.objc; path = main.m; sourceTree = "<group>"; };
		462C10871993E21600A36CF8 /* AppDelegate.h */ = {isa = PBXFileReference; lastKnownFileType = sourcecode.c.h; path = AppDelegate.h; sourceTree = "<group>"; };
		462C10881993E21600A36CF8 /* AppDelegate.m */ = {isa = PBXFileReference; lastKnownFileType = sourcecode.c.objc; path = AppDelegate.m; sourceTree = "<group>"; };
		462C108A1993E21600A36CF8 /* ViewController.h */ = {isa = PBXFileReference; lastKnownFileType = sourcecode.c.h; path = ViewController.h; sourceTree = "<group>"; };
		462C108B1993E21600A36CF8 /* ViewController.m */ = {isa = PBXFileReference; lastKnownFileType = sourcecode.c.objc; path = ViewController.m; sourceTree = "<group>"; };
		462C108E1993E21600A36CF8 /* Base */ = {isa = PBXFileReference; lastKnownFileType = file.storyboard; name = Base; path = Base.lproj/Main.storyboard; sourceTree = "<group>"; };
		462C10901993E21600A36CF8 /* Images.xcassets */ = {isa = PBXFileReference; lastKnownFileType = folder.assetcatalog; path = Images.xcassets; sourceTree = "<group>"; };
		4635679419A7C5A000262061 /* panels.json */ = {isa = PBXFileReference; fileEncoding = 4; lastKnownFileType = text.json; path = panels.json; sourceTree = "<group>"; };
		4635679519A7C5A000262061 /* Surfboard.xcassets */ = {isa = PBXFileReference; lastKnownFileType = folder.assetcatalog; path = Surfboard.xcassets; sourceTree = "<group>"; };
		4635679B19A7C65800262061 /* UIButton+IndexPath.h */ = {isa = PBXFileReference; fileEncoding = 4; lastKnownFileType = sourcecode.c.h; path = "UIButton+IndexPath.h"; sourceTree = "<group>"; };
		4635679C19A7C65800262061 /* UIButton+IndexPath.m */ = {isa = PBXFileReference; fileEncoding = 4; lastKnownFileType = sourcecode.c.objc; path = "UIButton+IndexPath.m"; sourceTree = "<group>"; };
		4635679E19A7C65800262061 /* SRFSurfboardPanelCell.h */ = {isa = PBXFileReference; fileEncoding = 4; lastKnownFileType = sourcecode.c.h; path = SRFSurfboardPanelCell.h; sourceTree = "<group>"; };
		4635679F19A7C65800262061 /* SRFSurfboardPanelCell.m */ = {isa = PBXFileReference; fileEncoding = 4; lastKnownFileType = sourcecode.c.objc; path = SRFSurfboardPanelCell.m; sourceTree = "<group>"; };
		463567A019A7C65800262061 /* SRFSurfboardPanelCell.xib */ = {isa = PBXFileReference; fileEncoding = 4; lastKnownFileType = file.xib; path = SRFSurfboardPanelCell.xib; sourceTree = "<group>"; };
		463567A219A7C65800262061 /* SRFSurfboardPanel.h */ = {isa = PBXFileReference; fileEncoding = 4; lastKnownFileType = sourcecode.c.h; path = SRFSurfboardPanel.h; sourceTree = "<group>"; };
		463567A319A7C65800262061 /* SRFSurfboardPanel.m */ = {isa = PBXFileReference; fileEncoding = 4; lastKnownFileType = sourcecode.c.objc; path = SRFSurfboardPanel.m; sourceTree = "<group>"; };
		463567A419A7C65800262061 /* SRFSurfboard.h */ = {isa = PBXFileReference; fileEncoding = 4; lastKnownFileType = sourcecode.c.h; path = SRFSurfboard.h; sourceTree = "<group>"; };
		463567A619A7C65800262061 /* SRFSurfboardDelegate.h */ = {isa = PBXFileReference; fileEncoding = 4; lastKnownFileType = sourcecode.c.h; path = SRFSurfboardDelegate.h; sourceTree = "<group>"; };
		463567A819A7C65800262061 /* SRFSurfboardViewController.h */ = {isa = PBXFileReference; fileEncoding = 4; lastKnownFileType = sourcecode.c.h; path = SRFSurfboardViewController.h; sourceTree = "<group>"; };
		463567A919A7C65800262061 /* SRFSurfboardViewController.m */ = {isa = PBXFileReference; fileEncoding = 4; lastKnownFileType = sourcecode.c.objc; path = SRFSurfboardViewController.m; sourceTree = "<group>"; };
		DCE9472E1A2FF623008104C6 /* SRFSurfboardSubtitlePanelCell.h */ = {isa = PBXFileReference; fileEncoding = 4; lastKnownFileType = sourcecode.c.h; path = SRFSurfboardSubtitlePanelCell.h; sourceTree = "<group>"; };
		DCE9472F1A2FF623008104C6 /* SRFSurfboardSubtitlePanelCell.m */ = {isa = PBXFileReference; fileEncoding = 4; lastKnownFileType = sourcecode.c.objc; path = SRFSurfboardSubtitlePanelCell.m; sourceTree = "<group>"; };
		DCE947311A2FF691008104C6 /* SRFSurfboardSubtitlePanelCell.xib */ = {isa = PBXFileReference; fileEncoding = 4; lastKnownFileType = file.xib; path = SRFSurfboardSubtitlePanelCell.xib; sourceTree = "<group>"; };
/* End PBXFileReference section */

/* Begin PBXFrameworksBuildPhase section */
		462C107D1993E21600A36CF8 /* Frameworks */ = {
			isa = PBXFrameworksBuildPhase;
			buildActionMask = 2147483647;
			files = (
			);
			runOnlyForDeploymentPostprocessing = 0;
		};
/* End PBXFrameworksBuildPhase section */

/* Begin PBXGroup section */
		462C10771993E21600A36CF8 = {
			isa = PBXGroup;
			children = (
				462C10821993E21600A36CF8 /* Surfboard */,
				462C10811993E21600A36CF8 /* Products */,
			);
			sourceTree = "<group>";
		};
		462C10811993E21600A36CF8 /* Products */ = {
			isa = PBXGroup;
			children = (
				462C10801993E21600A36CF8 /* Surfboard.app */,
			);
			name = Products;
			sourceTree = "<group>";
		};
		462C10821993E21600A36CF8 /* Surfboard */ = {
			isa = PBXGroup;
			children = (
				462C10871993E21600A36CF8 /* AppDelegate.h */,
				462C10881993E21600A36CF8 /* AppDelegate.m */,
				462C108A1993E21600A36CF8 /* ViewController.h */,
				462C108B1993E21600A36CF8 /* ViewController.m */,
				4635679819A7C65800262061 /* SRFSurfboard */,
				4635679319A7C5A000262061 /* Sample Data */,
				462C108D1993E21600A36CF8 /* Main.storyboard */,
				462C10901993E21600A36CF8 /* Images.xcassets */,
				462C10831993E21600A36CF8 /* Supporting Files */,
			);
			path = Surfboard;
			sourceTree = "<group>";
		};
		462C10831993E21600A36CF8 /* Supporting Files */ = {
			isa = PBXGroup;
			children = (
				462C10841993E21600A36CF8 /* Info.plist */,
				462C10851993E21600A36CF8 /* main.m */,
			);
			name = "Supporting Files";
			sourceTree = "<group>";
		};
		4635679319A7C5A000262061 /* Sample Data */ = {
			isa = PBXGroup;
			children = (
				4635679419A7C5A000262061 /* panels.json */,
				4635679519A7C5A000262061 /* Surfboard.xcassets */,
			);
			name = "Sample Data";
			path = "Surfboard/Sample Data";
			sourceTree = SOURCE_ROOT;
		};
		4635679819A7C65800262061 /* SRFSurfboard */ = {
			isa = PBXGroup;
			children = (
				4635679919A7C65800262061 /* Panel Cells */,
				463567A119A7C65800262061 /* Panel Data Model */,
				463567A419A7C65800262061 /* SRFSurfboard.h */,
				463567A519A7C65800262061 /* Surfboard Delegate Protocol */,
				463567A719A7C65800262061 /* Surfboard View Controller */,
			);
			path = SRFSurfboard;
			sourceTree = "<group>";
		};
		4635679919A7C65800262061 /* Panel Cells */ = {
			isa = PBXGroup;
			children = (
				4635679A19A7C65800262061 /* Button Extension */,
				4635679D19A7C65800262061 /* Default Cell */,
			);
			path = "Panel Cells";
			sourceTree = "<group>";
		};
		4635679A19A7C65800262061 /* Button Extension */ = {
			isa = PBXGroup;
			children = (
				4635679B19A7C65800262061 /* UIButton+IndexPath.h */,
				4635679C19A7C65800262061 /* UIButton+IndexPath.m */,
			);
			path = "Button Extension";
			sourceTree = "<group>";
		};
		4635679D19A7C65800262061 /* Default Cell */ = {
			isa = PBXGroup;
			children = (
				4635679E19A7C65800262061 /* SRFSurfboardPanelCell.h */,
				4635679F19A7C65800262061 /* SRFSurfboardPanelCell.m */,
				463567A019A7C65800262061 /* SRFSurfboardPanelCell.xib */,
				DCE9472E1A2FF623008104C6 /* SRFSurfboardSubtitlePanelCell.h */,
				DCE9472F1A2FF623008104C6 /* SRFSurfboardSubtitlePanelCell.m */,
				DCE947311A2FF691008104C6 /* SRFSurfboardSubtitlePanelCell.xib */,
			);
			path = "Default Cell";
			sourceTree = "<group>";
		};
		463567A119A7C65800262061 /* Panel Data Model */ = {
			isa = PBXGroup;
			children = (
				463567A219A7C65800262061 /* SRFSurfboardPanel.h */,
				463567A319A7C65800262061 /* SRFSurfboardPanel.m */,
			);
			path = "Panel Data Model";
			sourceTree = "<group>";
		};
		463567A519A7C65800262061 /* Surfboard Delegate Protocol */ = {
			isa = PBXGroup;
			children = (
				463567A619A7C65800262061 /* SRFSurfboardDelegate.h */,
			);
			path = "Surfboard Delegate Protocol";
			sourceTree = "<group>";
		};
		463567A719A7C65800262061 /* Surfboard View Controller */ = {
			isa = PBXGroup;
			children = (
				463567A819A7C65800262061 /* SRFSurfboardViewController.h */,
				463567A919A7C65800262061 /* SRFSurfboardViewController.m */,
			);
			path = "Surfboard View Controller";
			sourceTree = "<group>";
		};
/* End PBXGroup section */

/* Begin PBXNativeTarget section */
		462C107F1993E21600A36CF8 /* Surfboard */ = {
			isa = PBXNativeTarget;
			buildConfigurationList = 462C10A01993E21600A36CF8 /* Build configuration list for PBXNativeTarget "Surfboard" */;
			buildPhases = (
				462C107C1993E21600A36CF8 /* Sources */,
				462C107D1993E21600A36CF8 /* Frameworks */,
				462C107E1993E21600A36CF8 /* Resources */,
			);
			buildRules = (
			);
			dependencies = (
			);
			name = Surfboard;
			productName = Surfboard;
			productReference = 462C10801993E21600A36CF8 /* Surfboard.app */;
			productType = "com.apple.product-type.application";
		};
/* End PBXNativeTarget section */

/* Begin PBXProject section */
		462C10781993E21600A36CF8 /* Project object */ = {
			isa = PBXProject;
			attributes = {
				LastUpgradeCheck = 0600;
				ORGANIZATIONNAME = "Moshe Berman";
				TargetAttributes = {
					462C107F1993E21600A36CF8 = {
						CreatedOnToolsVersion = 6.0;
						DevelopmentTeam = HK64RUWW3P;
					};
				};
			};
			buildConfigurationList = 462C107B1993E21600A36CF8 /* Build configuration list for PBXProject "Surfboard" */;
			compatibilityVersion = "Xcode 3.2";
			developmentRegion = English;
			hasScannedForEncodings = 0;
			knownRegions = (
				en,
				Base,
			);
			mainGroup = 462C10771993E21600A36CF8;
			productRefGroup = 462C10811993E21600A36CF8 /* Products */;
			projectDirPath = "";
			projectRoot = "";
			targets = (
				462C107F1993E21600A36CF8 /* Surfboard */,
			);
		};
/* End PBXProject section */

/* Begin PBXResourcesBuildPhase section */
		462C107E1993E21600A36CF8 /* Resources */ = {
			isa = PBXResourcesBuildPhase;
			buildActionMask = 2147483647;
			files = (
				462C108F1993E21600A36CF8 /* Main.storyboard in Resources */,
				4635679719A7C5A000262061 /* Surfboard.xcassets in Resources */,
				463567AC19A7C65800262061 /* SRFSurfboardPanelCell.xib in Resources */,
				DCE947321A2FF691008104C6 /* SRFSurfboardSubtitlePanelCell.xib in Resources */,
				4635679619A7C5A000262061 /* panels.json in Resources */,
				462C10911993E21600A36CF8 /* Images.xcassets in Resources */,
			);
			runOnlyForDeploymentPostprocessing = 0;
		};
/* End PBXResourcesBuildPhase section */

/* Begin PBXSourcesBuildPhase section */
		462C107C1993E21600A36CF8 /* Sources */ = {
			isa = PBXSourcesBuildPhase;
			buildActionMask = 2147483647;
			files = (
				462C108C1993E21600A36CF8 /* ViewController.m in Sources */,
				DCE947301A2FF623008104C6 /* SRFSurfboardSubtitlePanelCell.m in Sources */,
				463567AE19A7C65800262061 /* SRFSurfboardViewController.m in Sources */,
				463567AA19A7C65800262061 /* UIButton+IndexPath.m in Sources */,
				462C10891993E21600A36CF8 /* AppDelegate.m in Sources */,
				463567AD19A7C65800262061 /* SRFSurfboardPanel.m in Sources */,
				462C10861993E21600A36CF8 /* main.m in Sources */,
				463567AB19A7C65800262061 /* SRFSurfboardPanelCell.m in Sources */,
			);
			runOnlyForDeploymentPostprocessing = 0;
		};
/* End PBXSourcesBuildPhase section */

/* Begin PBXVariantGroup section */
		462C108D1993E21600A36CF8 /* Main.storyboard */ = {
			isa = PBXVariantGroup;
			children = (
				462C108E1993E21600A36CF8 /* Base */,
			);
			name = Main.storyboard;
			sourceTree = "<group>";
		};
/* End PBXVariantGroup section */

/* Begin XCBuildConfiguration section */
		462C109E1993E21600A36CF8 /* Debug */ = {
			isa = XCBuildConfiguration;
			buildSettings = {
				ALWAYS_SEARCH_USER_PATHS = NO;
				CLANG_CXX_LANGUAGE_STANDARD = "gnu++0x";
				CLANG_CXX_LIBRARY = "libc++";
				CLANG_ENABLE_MODULES = YES;
				CLANG_ENABLE_OBJC_ARC = YES;
				CLANG_WARN_BOOL_CONVERSION = YES;
				CLANG_WARN_CONSTANT_CONVERSION = YES;
				CLANG_WARN_DIRECT_OBJC_ISA_USAGE = YES_ERROR;
				CLANG_WARN_EMPTY_BODY = YES;
				CLANG_WARN_ENUM_CONVERSION = YES;
				CLANG_WARN_INT_CONVERSION = YES;
				CLANG_WARN_OBJC_ROOT_CLASS = YES_ERROR;
				CLANG_WARN_UNREACHABLE_CODE = YES;
				CLANG_WARN__DUPLICATE_METHOD_MATCH = YES;
				"CODE_SIGN_IDENTITY[sdk=iphoneos*]" = "iPhone Developer";
				COPY_PHASE_STRIP = NO;
				ENABLE_STRICT_OBJC_MSGSEND = YES;
				GCC_C_LANGUAGE_STANDARD = gnu99;
				GCC_DYNAMIC_NO_PIC = NO;
				GCC_OPTIMIZATION_LEVEL = 0;
				GCC_PREPROCESSOR_DEFINITIONS = (
					"DEBUG=1",
					"$(inherited)",
				);
				GCC_SYMBOLS_PRIVATE_EXTERN = NO;
				GCC_WARN_64_TO_32_BIT_CONVERSION = YES;
				GCC_WARN_ABOUT_RETURN_TYPE = YES_ERROR;
				GCC_WARN_UNDECLARED_SELECTOR = YES;
				GCC_WARN_UNINITIALIZED_AUTOS = YES_AGGRESSIVE;
				GCC_WARN_UNUSED_FUNCTION = YES;
				GCC_WARN_UNUSED_VARIABLE = YES;
				IPHONEOS_DEPLOYMENT_TARGET = 8.0;
				MTL_ENABLE_DEBUG_INFO = YES;
				ONLY_ACTIVE_ARCH = YES;
				SDKROOT = iphoneos;
				TARGETED_DEVICE_FAMILY = "1,2";
			};
			name = Debug;
		};
		462C109F1993E21600A36CF8 /* Release */ = {
			isa = XCBuildConfiguration;
			buildSettings = {
				ALWAYS_SEARCH_USER_PATHS = NO;
				CLANG_CXX_LANGUAGE_STANDARD = "gnu++0x";
				CLANG_CXX_LIBRARY = "libc++";
				CLANG_ENABLE_MODULES = YES;
				CLANG_ENABLE_OBJC_ARC = YES;
				CLANG_WARN_BOOL_CONVERSION = YES;
				CLANG_WARN_CONSTANT_CONVERSION = YES;
				CLANG_WARN_DIRECT_OBJC_ISA_USAGE = YES_ERROR;
				CLANG_WARN_EMPTY_BODY = YES;
				CLANG_WARN_ENUM_CONVERSION = YES;
				CLANG_WARN_INT_CONVERSION = YES;
				CLANG_WARN_OBJC_ROOT_CLASS = YES_ERROR;
				CLANG_WARN_UNREACHABLE_CODE = YES;
				CLANG_WARN__DUPLICATE_METHOD_MATCH = YES;
				"CODE_SIGN_IDENTITY[sdk=iphoneos*]" = "iPhone Developer";
				COPY_PHASE_STRIP = YES;
				ENABLE_NS_ASSERTIONS = NO;
				ENABLE_STRICT_OBJC_MSGSEND = YES;
				GCC_C_LANGUAGE_STANDARD = gnu99;
				GCC_WARN_64_TO_32_BIT_CONVERSION = YES;
				GCC_WARN_ABOUT_RETURN_TYPE = YES_ERROR;
				GCC_WARN_UNDECLARED_SELECTOR = YES;
				GCC_WARN_UNINITIALIZED_AUTOS = YES_AGGRESSIVE;
				GCC_WARN_UNUSED_FUNCTION = YES;
				GCC_WARN_UNUSED_VARIABLE = YES;
				IPHONEOS_DEPLOYMENT_TARGET = 8.0;
				MTL_ENABLE_DEBUG_INFO = NO;
				SDKROOT = iphoneos;
				TARGETED_DEVICE_FAMILY = "1,2";
				VALIDATE_PRODUCT = YES;
			};
			name = Release;
		};
		462C10A11993E21600A36CF8 /* Debug */ = {
			isa = XCBuildConfiguration;
			buildSettings = {
				ASSETCATALOG_COMPILER_APPICON_NAME = AppIcon;
				ASSETCATALOG_COMPILER_LAUNCHIMAGE_NAME = LaunchImage;
				CODE_SIGN_IDENTITY = "iPhone Developer";
				"CODE_SIGN_IDENTITY[sdk=iphoneos*]" = "iPhone Developer";
				INFOPLIST_FILE = Surfboard/Info.plist;
				IPHONEOS_DEPLOYMENT_TARGET = 7.0;
				LD_RUNPATH_SEARCH_PATHS = "$(inherited) @executable_path/Frameworks";
				PRODUCT_NAME = "$(TARGET_NAME)";
				PROVISIONING_PROFILE = "";
			};
			name = Debug;
		};
		462C10A21993E21600A36CF8 /* Release */ = {
			isa = XCBuildConfiguration;
			buildSettings = {
				ASSETCATALOG_COMPILER_APPICON_NAME = AppIcon;
				ASSETCATALOG_COMPILER_LAUNCHIMAGE_NAME = LaunchImage;
				CODE_SIGN_IDENTITY = "iPhone Developer";
				"CODE_SIGN_IDENTITY[sdk=iphoneos*]" = "iPhone Developer";
				INFOPLIST_FILE = Surfboard/Info.plist;
				IPHONEOS_DEPLOYMENT_TARGET = 7.0;
				LD_RUNPATH_SEARCH_PATHS = "$(inherited) @executable_path/Frameworks";
				PRODUCT_NAME = "$(TARGET_NAME)";
				PROVISIONING_PROFILE = "";
			};
			name = Release;
		};
/* End XCBuildConfiguration section */

/* Begin XCConfigurationList section */
		462C107B1993E21600A36CF8 /* Build configuration list for PBXProject "Surfboard" */ = {
			isa = XCConfigurationList;
			buildConfigurations = (
				462C109E1993E21600A36CF8 /* Debug */,
				462C109F1993E21600A36CF8 /* Release */,
			);
			defaultConfigurationIsVisible = 0;
			defaultConfigurationName = Release;
		};
		462C10A01993E21600A36CF8 /* Build configuration list for PBXNativeTarget "Surfboard" */ = {
			isa = XCConfigurationList;
			buildConfigurations = (
				462C10A11993E21600A36CF8 /* Debug */,
				462C10A21993E21600A36CF8 /* Release */,
			);
			defaultConfigurationIsVisible = 0;
			defaultConfigurationName = Release;
		};
/* End XCConfigurationList section */
	};
	rootObject = 462C10781993E21600A36CF8 /* Project object */;
}
